// !$*UTF8*$!
{
	archiveVersion = 1;
	classes = {
	};
	objectVersion = 55;
	objects = {

/* Begin PBXBuildFile section */
		5200D0F92892FA8600B7AD4D /* NewsfeedPresenter.swift in Sources */ = {isa = PBXBuildFile; fileRef = 5200D0F22892FA8600B7AD4D /* NewsfeedPresenter.swift */; };
		5200D0FA2892FA8600B7AD4D /* NewsfeedWorker.swift in Sources */ = {isa = PBXBuildFile; fileRef = 5200D0F32892FA8600B7AD4D /* NewsfeedWorker.swift */; };
		5200D0FB2892FA8600B7AD4D /* NewsfeedRouter.swift in Sources */ = {isa = PBXBuildFile; fileRef = 5200D0F42892FA8600B7AD4D /* NewsfeedRouter.swift */; };
		5200D0FC2892FA8600B7AD4D /* NewsfeedModels.swift in Sources */ = {isa = PBXBuildFile; fileRef = 5200D0F52892FA8600B7AD4D /* NewsfeedModels.swift */; };
		5200D0FD2892FA8600B7AD4D /* NewsfeedViewController.swift in Sources */ = {isa = PBXBuildFile; fileRef = 5200D0F62892FA8600B7AD4D /* NewsfeedViewController.swift */; };
		5200D0FE2892FA8600B7AD4D /* NewsfeedInteractor.swift in Sources */ = {isa = PBXBuildFile; fileRef = 5200D0F72892FA8600B7AD4D /* NewsfeedInteractor.swift */; };
		5200D1012893006F00B7AD4D /* NewsfeedViewController.storyboard in Resources */ = {isa = PBXBuildFile; fileRef = 5200D1002893006F00B7AD4D /* NewsfeedViewController.storyboard */; };
		5200D10428930CCE00B7AD4D /* NewsfeedCell.swift in Sources */ = {isa = PBXBuildFile; fileRef = 5200D10328930CCD00B7AD4D /* NewsfeedCell.swift */; };
		5200D10628930D1300B7AD4D /* NewsfeedCell.xib in Resources */ = {isa = PBXBuildFile; fileRef = 5200D10528930D1300B7AD4D /* NewsfeedCell.xib */; };
		5200D10B28943A8500B7AD4D /* WebImageView.swift in Sources */ = {isa = PBXBuildFile; fileRef = 5200D10A28943A8500B7AD4D /* WebImageView.swift */; };
		525B5D2A2882FE2A009472C1 /* VKSdkFramework.xcframework in Frameworks */ = {isa = PBXBuildFile; fileRef = 525B5D222882FD15009472C1 /* VKSdkFramework.xcframework */; };
		525B5D2B2882FE2A009472C1 /* VKSdkFramework.xcframework in Embed Frameworks */ = {isa = PBXBuildFile; fileRef = 525B5D222882FD15009472C1 /* VKSdkFramework.xcframework */; settings = {ATTRIBUTES = (CodeSignOnCopy, RemoveHeadersOnCopy, ); }; };
		525B5D2D288301EE009472C1 /* AuthService.swift in Sources */ = {isa = PBXBuildFile; fileRef = 525B5D2C288301EE009472C1 /* AuthService.swift */; };
		525B5D3028830B01009472C1 /* AuthViewController.storyboard in Resources */ = {isa = PBXBuildFile; fileRef = 525B5D2F28830B01009472C1 /* AuthViewController.storyboard */; };
		525B5D382884AE46009472C1 /* NetworkService.swift in Sources */ = {isa = PBXBuildFile; fileRef = 525B5D372884AE46009472C1 /* NetworkService.swift */; };
		525B5D3A2884AF1E009472C1 /* API.swift in Sources */ = {isa = PBXBuildFile; fileRef = 525B5D392884AF1E009472C1 /* API.swift */; };
		52DE68072877907400DBCA3B /* AppDelegate.swift in Sources */ = {isa = PBXBuildFile; fileRef = 52DE68062877907400DBCA3B /* AppDelegate.swift */; };
		52DE68092877907400DBCA3B /* SceneDelegate.swift in Sources */ = {isa = PBXBuildFile; fileRef = 52DE68082877907400DBCA3B /* SceneDelegate.swift */; };
		52DE680B2877907400DBCA3B /* AuthViewController.swift in Sources */ = {isa = PBXBuildFile; fileRef = 52DE680A2877907400DBCA3B /* AuthViewController.swift */; };
		52DE68102877907600DBCA3B /* Assets.xcassets in Resources */ = {isa = PBXBuildFile; fileRef = 52DE680F2877907600DBCA3B /* Assets.xcassets */; };
		52DE68132877907600DBCA3B /* LaunchScreen.storyboard in Resources */ = {isa = PBXBuildFile; fileRef = 52DE68112877907600DBCA3B /* LaunchScreen.storyboard */; };
		52F849CE288AF2A40061D223 /* FeedResponse.swift in Sources */ = {isa = PBXBuildFile; fileRef = 52F849CD288AF2A40061D223 /* FeedResponse.swift */; };
		52F849D0288AF5870061D223 /* NetworkDataFetcher.swift in Sources */ = {isa = PBXBuildFile; fileRef = 52F849CF288AF5870061D223 /* NetworkDataFetcher.swift */; };
/* End PBXBuildFile section */

/* Begin PBXCopyFilesBuildPhase section */
		525B5D292882FDC5009472C1 /* Embed Frameworks */ = {
			isa = PBXCopyFilesBuildPhase;
			buildActionMask = 2147483647;
			dstPath = "";
			dstSubfolderSpec = 10;
			files = (
				525B5D2B2882FE2A009472C1 /* VKSdkFramework.xcframework in Embed Frameworks */,
			);
			name = "Embed Frameworks";
			runOnlyForDeploymentPostprocessing = 0;
		};
/* End PBXCopyFilesBuildPhase section */

/* Begin PBXFileReference section */
		5200D0F22892FA8600B7AD4D /* NewsfeedPresenter.swift */ = {isa = PBXFileReference; lastKnownFileType = sourcecode.swift; path = NewsfeedPresenter.swift; sourceTree = "<group>"; };
		5200D0F32892FA8600B7AD4D /* NewsfeedWorker.swift */ = {isa = PBXFileReference; lastKnownFileType = sourcecode.swift; path = NewsfeedWorker.swift; sourceTree = "<group>"; };
		5200D0F42892FA8600B7AD4D /* NewsfeedRouter.swift */ = {isa = PBXFileReference; lastKnownFileType = sourcecode.swift; path = NewsfeedRouter.swift; sourceTree = "<group>"; };
		5200D0F52892FA8600B7AD4D /* NewsfeedModels.swift */ = {isa = PBXFileReference; lastKnownFileType = sourcecode.swift; path = NewsfeedModels.swift; sourceTree = "<group>"; };
		5200D0F62892FA8600B7AD4D /* NewsfeedViewController.swift */ = {isa = PBXFileReference; lastKnownFileType = sourcecode.swift; path = NewsfeedViewController.swift; sourceTree = "<group>"; };
		5200D0F72892FA8600B7AD4D /* NewsfeedInteractor.swift */ = {isa = PBXFileReference; lastKnownFileType = sourcecode.swift; path = NewsfeedInteractor.swift; sourceTree = "<group>"; };
		5200D1002893006F00B7AD4D /* NewsfeedViewController.storyboard */ = {isa = PBXFileReference; lastKnownFileType = file.storyboard; path = NewsfeedViewController.storyboard; sourceTree = "<group>"; };
		5200D10328930CCD00B7AD4D /* NewsfeedCell.swift */ = {isa = PBXFileReference; lastKnownFileType = sourcecode.swift; path = NewsfeedCell.swift; sourceTree = "<group>"; };
		5200D10528930D1300B7AD4D /* NewsfeedCell.xib */ = {isa = PBXFileReference; lastKnownFileType = file.xib; path = NewsfeedCell.xib; sourceTree = "<group>"; };
		5200D10A28943A8500B7AD4D /* WebImageView.swift */ = {isa = PBXFileReference; lastKnownFileType = sourcecode.swift; path = WebImageView.swift; sourceTree = "<group>"; };
		525B5D222882FD15009472C1 /* VKSdkFramework.xcframework */ = {isa = PBXFileReference; lastKnownFileType = wrapper.xcframework; name = VKSdkFramework.xcframework; path = Carthage/Build/VKSdkFramework.xcframework; sourceTree = "<group>"; };
		525B5D262882FDC5009472C1 /* VKSdkFramework.framework */ = {isa = PBXFileReference; lastKnownFileType = wrapper.framework; name = VKSdkFramework.framework; path = Carthage/Build/iOS/VKSdkFramework.framework; sourceTree = "<group>"; };
		525B5D2C288301EE009472C1 /* AuthService.swift */ = {isa = PBXFileReference; lastKnownFileType = sourcecode.swift; path = AuthService.swift; sourceTree = "<group>"; };
		525B5D2F28830B01009472C1 /* AuthViewController.storyboard */ = {isa = PBXFileReference; lastKnownFileType = file.storyboard; path = AuthViewController.storyboard; sourceTree = "<group>"; };
		525B5D372884AE46009472C1 /* NetworkService.swift */ = {isa = PBXFileReference; lastKnownFileType = sourcecode.swift; path = NetworkService.swift; sourceTree = "<group>"; };
		525B5D392884AF1E009472C1 /* API.swift */ = {isa = PBXFileReference; lastKnownFileType = sourcecode.swift; path = API.swift; sourceTree = "<group>"; };
		52DE68032877907400DBCA3B /* VkNewsFeed.app */ = {isa = PBXFileReference; explicitFileType = wrapper.application; includeInIndex = 0; path = VkNewsFeed.app; sourceTree = BUILT_PRODUCTS_DIR; };
		52DE68062877907400DBCA3B /* AppDelegate.swift */ = {isa = PBXFileReference; lastKnownFileType = sourcecode.swift; path = AppDelegate.swift; sourceTree = "<group>"; };
		52DE68082877907400DBCA3B /* SceneDelegate.swift */ = {isa = PBXFileReference; lastKnownFileType = sourcecode.swift; path = SceneDelegate.swift; sourceTree = "<group>"; };
		52DE680A2877907400DBCA3B /* AuthViewController.swift */ = {isa = PBXFileReference; lastKnownFileType = sourcecode.swift; path = AuthViewController.swift; sourceTree = "<group>"; };
		52DE680F2877907600DBCA3B /* Assets.xcassets */ = {isa = PBXFileReference; lastKnownFileType = folder.assetcatalog; path = Assets.xcassets; sourceTree = "<group>"; };
		52DE68122877907600DBCA3B /* Base */ = {isa = PBXFileReference; lastKnownFileType = file.storyboard; name = Base; path = Base.lproj/LaunchScreen.storyboard; sourceTree = "<group>"; };
		52DE68142877907600DBCA3B /* Info.plist */ = {isa = PBXFileReference; lastKnownFileType = text.plist.xml; path = Info.plist; sourceTree = "<group>"; };
		52F849CD288AF2A40061D223 /* FeedResponse.swift */ = {isa = PBXFileReference; lastKnownFileType = sourcecode.swift; path = FeedResponse.swift; sourceTree = "<group>"; };
		52F849CF288AF5870061D223 /* NetworkDataFetcher.swift */ = {isa = PBXFileReference; lastKnownFileType = sourcecode.swift; path = NetworkDataFetcher.swift; sourceTree = "<group>"; };
/* End PBXFileReference section */

/* Begin PBXFrameworksBuildPhase section */
		52DE68002877907400DBCA3B /* Frameworks */ = {
			isa = PBXFrameworksBuildPhase;
			buildActionMask = 2147483647;
			files = (
				525B5D2A2882FE2A009472C1 /* VKSdkFramework.xcframework in Frameworks */,
			);
			runOnlyForDeploymentPostprocessing = 0;
		};
/* End PBXFrameworksBuildPhase section */

/* Begin PBXGroup section */
		5200D0F12892F9EB00B7AD4D /* NewsFeed */ = {
			isa = PBXGroup;
			children = (
				5200D10228930CB100B7AD4D /* Cell */,
				5200D1002893006F00B7AD4D /* NewsfeedViewController.storyboard */,
				5200D0F62892FA8600B7AD4D /* NewsfeedViewController.swift */,
				5200D0F72892FA8600B7AD4D /* NewsfeedInteractor.swift */,
				5200D0F22892FA8600B7AD4D /* NewsfeedPresenter.swift */,
				5200D0F52892FA8600B7AD4D /* NewsfeedModels.swift */,
				5200D0F32892FA8600B7AD4D /* NewsfeedWorker.swift */,
				5200D0F42892FA8600B7AD4D /* NewsfeedRouter.swift */,
			);
			path = NewsFeed;
			sourceTree = "<group>";
		};
		5200D10228930CB100B7AD4D /* Cell */ = {
			isa = PBXGroup;
			children = (
				5200D10328930CCD00B7AD4D /* NewsfeedCell.swift */,
				5200D10528930D1300B7AD4D /* NewsfeedCell.xib */,
			);
			path = Cell;
			sourceTree = "<group>";
		};
		5200D10928943A5D00B7AD4D /* Helpers */ = {
			isa = PBXGroup;
			children = (
				5200D10A28943A8500B7AD4D /* WebImageView.swift */,
			);
			path = Helpers;
			sourceTree = "<group>";
		};
		525B5D212882FD15009472C1 /* Frameworks */ = {
			isa = PBXGroup;
			children = (
				525B5D262882FDC5009472C1 /* VKSdkFramework.framework */,
				525B5D222882FD15009472C1 /* VKSdkFramework.xcframework */,
			);
			name = Frameworks;
			sourceTree = "<group>";
		};
		525B5D2E28830205009472C1 /* Services */ = {
			isa = PBXGroup;
			children = (
				52F849CC288AF2830061D223 /* Models */,
				525B5D2C288301EE009472C1 /* AuthService.swift */,
				525B5D392884AF1E009472C1 /* API.swift */,
				525B5D372884AE46009472C1 /* NetworkService.swift */,
				52F849CF288AF5870061D223 /* NetworkDataFetcher.swift */,
			);
			path = Services;
			sourceTree = "<group>";
		};
		525B5D36288317DD009472C1 /* AuthViewController */ = {
			isa = PBXGroup;
			children = (
				52DE680A2877907400DBCA3B /* AuthViewController.swift */,
				525B5D2F28830B01009472C1 /* AuthViewController.storyboard */,
			);
			path = AuthViewController;
			sourceTree = "<group>";
		};
		52DE67FA2877907400DBCA3B = {
			isa = PBXGroup;
			children = (
				52DE68052877907400DBCA3B /* VkNewsFeed */,
				52DE68042877907400DBCA3B /* Products */,
				525B5D212882FD15009472C1 /* Frameworks */,
			);
			sourceTree = "<group>";
		};
		52DE68042877907400DBCA3B /* Products */ = {
			isa = PBXGroup;
			children = (
				52DE68032877907400DBCA3B /* VkNewsFeed.app */,
			);
			name = Products;
			sourceTree = "<group>";
		};
		52DE68052877907400DBCA3B /* VkNewsFeed */ = {
			isa = PBXGroup;
			children = (
				52DE68062877907400DBCA3B /* AppDelegate.swift */,
				52DE68082877907400DBCA3B /* SceneDelegate.swift */,
				52DE680F2877907600DBCA3B /* Assets.xcassets */,
				52DE68112877907600DBCA3B /* LaunchScreen.storyboard */,
				52DE68142877907600DBCA3B /* Info.plist */,
				525B5D2E28830205009472C1 /* Services */,
				525B5D36288317DD009472C1 /* AuthViewController */,
				5200D0F12892F9EB00B7AD4D /* NewsFeed */,
				5200D10928943A5D00B7AD4D /* Helpers */,
			);
			path = VkNewsFeed;
			sourceTree = "<group>";
		};
		52F849CC288AF2830061D223 /* Models */ = {
			isa = PBXGroup;
			children = (
				52F849CD288AF2A40061D223 /* FeedResponse.swift */,
			);
			path = Models;
			sourceTree = "<group>";
		};
/* End PBXGroup section */

/* Begin PBXNativeTarget section */
		52DE68022877907400DBCA3B /* VkNewsFeed */ = {
			isa = PBXNativeTarget;
			buildConfigurationList = 52DE68172877907600DBCA3B /* Build configuration list for PBXNativeTarget "VkNewsFeed" */;
			buildPhases = (
				52DE67FF2877907400DBCA3B /* Sources */,
				52DE68002877907400DBCA3B /* Frameworks */,
				52DE68012877907400DBCA3B /* Resources */,
				525B5D202882FAD3009472C1 /* ShellScript */,
				525B5D292882FDC5009472C1 /* Embed Frameworks */,
			);
			buildRules = (
			);
			dependencies = (
			);
			name = VkNewsFeed;
			productName = VkNewsFeed;
			productReference = 52DE68032877907400DBCA3B /* VkNewsFeed.app */;
			productType = "com.apple.product-type.application";
		};
/* End PBXNativeTarget section */

/* Begin PBXProject section */
		52DE67FB2877907400DBCA3B /* Project object */ = {
			isa = PBXProject;
			attributes = {
				BuildIndependentTargetsInParallel = 1;
				LastSwiftUpdateCheck = 1330;
				LastUpgradeCheck = 1330;
				TargetAttributes = {
					52DE68022877907400DBCA3B = {
						CreatedOnToolsVersion = 13.3.1;
					};
				};
			};
			buildConfigurationList = 52DE67FE2877907400DBCA3B /* Build configuration list for PBXProject "VkNewsFeed" */;
			compatibilityVersion = "Xcode 13.0";
			developmentRegion = en;
			hasScannedForEncodings = 0;
			knownRegions = (
				en,
				Base,
			);
			mainGroup = 52DE67FA2877907400DBCA3B;
			productRefGroup = 52DE68042877907400DBCA3B /* Products */;
			projectDirPath = "";
			projectRoot = "";
			targets = (
				52DE68022877907400DBCA3B /* VkNewsFeed */,
			);
		};
/* End PBXProject section */

/* Begin PBXResourcesBuildPhase section */
		52DE68012877907400DBCA3B /* Resources */ = {
			isa = PBXResourcesBuildPhase;
			buildActionMask = 2147483647;
			files = (
				52DE68132877907600DBCA3B /* LaunchScreen.storyboard in Resources */,
				525B5D3028830B01009472C1 /* AuthViewController.storyboard in Resources */,
				5200D1012893006F00B7AD4D /* NewsfeedViewController.storyboard in Resources */,
				52DE68102877907600DBCA3B /* Assets.xcassets in Resources */,
				5200D10628930D1300B7AD4D /* NewsfeedCell.xib in Resources */,
			);
			runOnlyForDeploymentPostprocessing = 0;
		};
/* End PBXResourcesBuildPhase section */

/* Begin PBXShellScriptBuildPhase section */
		525B5D202882FAD3009472C1 /* ShellScript */ = {
			isa = PBXShellScriptBuildPhase;
			buildActionMask = 2147483647;
			files = (
			);
			inputFileListPaths = (
			);
			inputPaths = (
			);
			outputFileListPaths = (
			);
			outputPaths = (
			);
			runOnlyForDeploymentPostprocessing = 0;
			shellPath = /bin/sh;
			shellScript = "/usr/local/bin/carthage outdated --xcode-warnings 2>/dev/null\n";
		};
/* End PBXShellScriptBuildPhase section */

/* Begin PBXSourcesBuildPhase section */
		52DE67FF2877907400DBCA3B /* Sources */ = {
			isa = PBXSourcesBuildPhase;
			buildActionMask = 2147483647;
			files = (
				52F849CE288AF2A40061D223 /* FeedResponse.swift in Sources */,
				5200D0FD2892FA8600B7AD4D /* NewsfeedViewController.swift in Sources */,
				52DE680B2877907400DBCA3B /* AuthViewController.swift in Sources */,
				52DE68072877907400DBCA3B /* AppDelegate.swift in Sources */,
				5200D0F92892FA8600B7AD4D /* NewsfeedPresenter.swift in Sources */,
				5200D0FB2892FA8600B7AD4D /* NewsfeedRouter.swift in Sources */,
				52DE68092877907400DBCA3B /* SceneDelegate.swift in Sources */,
				525B5D382884AE46009472C1 /* NetworkService.swift in Sources */,
				5200D0FC2892FA8600B7AD4D /* NewsfeedModels.swift in Sources */,
				5200D10B28943A8500B7AD4D /* WebImageView.swift in Sources */,
				52F849D0288AF5870061D223 /* NetworkDataFetcher.swift in Sources */,
				5200D0FA2892FA8600B7AD4D /* NewsfeedWorker.swift in Sources */,
				525B5D2D288301EE009472C1 /* AuthService.swift in Sources */,
				525B5D3A2884AF1E009472C1 /* API.swift in Sources */,
				5200D10428930CCE00B7AD4D /* NewsfeedCell.swift in Sources */,
				5200D0FE2892FA8600B7AD4D /* NewsfeedInteractor.swift in Sources */,
			);
			runOnlyForDeploymentPostprocessing = 0;
		};
/* End PBXSourcesBuildPhase section */

/* Begin PBXVariantGroup section */
		52DE68112877907600DBCA3B /* LaunchScreen.storyboard */ = {
			isa = PBXVariantGroup;
			children = (
				52DE68122877907600DBCA3B /* Base */,
			);
			name = LaunchScreen.storyboard;
			sourceTree = "<group>";
		};
/* End PBXVariantGroup section */

/* Begin XCBuildConfiguration section */
		52DE68152877907600DBCA3B /* Debug */ = {
			isa = XCBuildConfiguration;
			buildSettings = {
				ALWAYS_SEARCH_USER_PATHS = NO;
				CLANG_ANALYZER_NONNULL = YES;
				CLANG_ANALYZER_NUMBER_OBJECT_CONVERSION = YES_AGGRESSIVE;
				CLANG_CXX_LANGUAGE_STANDARD = "gnu++17";
				CLANG_ENABLE_MODULES = YES;
				CLANG_ENABLE_OBJC_ARC = YES;
				CLANG_ENABLE_OBJC_WEAK = YES;
				CLANG_WARN_BLOCK_CAPTURE_AUTORELEASING = YES;
				CLANG_WARN_BOOL_CONVERSION = YES;
				CLANG_WARN_COMMA = YES;
				CLANG_WARN_CONSTANT_CONVERSION = YES;
				CLANG_WARN_DEPRECATED_OBJC_IMPLEMENTATIONS = YES;
				CLANG_WARN_DIRECT_OBJC_ISA_USAGE = YES_ERROR;
				CLANG_WARN_DOCUMENTATION_COMMENTS = YES;
				CLANG_WARN_EMPTY_BODY = YES;
				CLANG_WARN_ENUM_CONVERSION = YES;
				CLANG_WARN_INFINITE_RECURSION = YES;
				CLANG_WARN_INT_CONVERSION = YES;
				CLANG_WARN_NON_LITERAL_NULL_CONVERSION = YES;
				CLANG_WARN_OBJC_IMPLICIT_RETAIN_SELF = YES;
				CLANG_WARN_OBJC_LITERAL_CONVERSION = YES;
				CLANG_WARN_OBJC_ROOT_CLASS = YES_ERROR;
				CLANG_WARN_QUOTED_INCLUDE_IN_FRAMEWORK_HEADER = YES;
				CLANG_WARN_RANGE_LOOP_ANALYSIS = YES;
				CLANG_WARN_STRICT_PROTOTYPES = YES;
				CLANG_WARN_SUSPICIOUS_MOVE = YES;
				CLANG_WARN_UNGUARDED_AVAILABILITY = YES_AGGRESSIVE;
				CLANG_WARN_UNREACHABLE_CODE = YES;
				CLANG_WARN__DUPLICATE_METHOD_MATCH = YES;
				COPY_PHASE_STRIP = NO;
				DEBUG_INFORMATION_FORMAT = dwarf;
				ENABLE_STRICT_OBJC_MSGSEND = YES;
				ENABLE_TESTABILITY = YES;
				GCC_C_LANGUAGE_STANDARD = gnu11;
				GCC_DYNAMIC_NO_PIC = NO;
				GCC_NO_COMMON_BLOCKS = YES;
				GCC_OPTIMIZATION_LEVEL = 0;
				GCC_PREPROCESSOR_DEFINITIONS = (
					"DEBUG=1",
					"$(inherited)",
				);
				GCC_WARN_64_TO_32_BIT_CONVERSION = YES;
				GCC_WARN_ABOUT_RETURN_TYPE = YES_ERROR;
				GCC_WARN_UNDECLARED_SELECTOR = YES;
				GCC_WARN_UNINITIALIZED_AUTOS = YES_AGGRESSIVE;
				GCC_WARN_UNUSED_FUNCTION = YES;
				GCC_WARN_UNUSED_VARIABLE = YES;
				IPHONEOS_DEPLOYMENT_TARGET = 15.4;
				MTL_ENABLE_DEBUG_INFO = INCLUDE_SOURCE;
				MTL_FAST_MATH = YES;
				ONLY_ACTIVE_ARCH = YES;
				SDKROOT = iphoneos;
				SWIFT_ACTIVE_COMPILATION_CONDITIONS = DEBUG;
				SWIFT_OPTIMIZATION_LEVEL = "-Onone";
			};
			name = Debug;
		};
		52DE68162877907600DBCA3B /* Release */ = {
			isa = XCBuildConfiguration;
			buildSettings = {
				ALWAYS_SEARCH_USER_PATHS = NO;
				CLANG_ANALYZER_NONNULL = YES;
				CLANG_ANALYZER_NUMBER_OBJECT_CONVERSION = YES_AGGRESSIVE;
				CLANG_CXX_LANGUAGE_STANDARD = "gnu++17";
				CLANG_ENABLE_MODULES = YES;
				CLANG_ENABLE_OBJC_ARC = YES;
				CLANG_ENABLE_OBJC_WEAK = YES;
				CLANG_WARN_BLOCK_CAPTURE_AUTORELEASING = YES;
				CLANG_WARN_BOOL_CONVERSION = YES;
				CLANG_WARN_COMMA = YES;
				CLANG_WARN_CONSTANT_CONVERSION = YES;
				CLANG_WARN_DEPRECATED_OBJC_IMPLEMENTATIONS = YES;
				CLANG_WARN_DIRECT_OBJC_ISA_USAGE = YES_ERROR;
				CLANG_WARN_DOCUMENTATION_COMMENTS = YES;
				CLANG_WARN_EMPTY_BODY = YES;
				CLANG_WARN_ENUM_CONVERSION = YES;
				CLANG_WARN_INFINITE_RECURSION = YES;
				CLANG_WARN_INT_CONVERSION = YES;
				CLANG_WARN_NON_LITERAL_NULL_CONVERSION = YES;
				CLANG_WARN_OBJC_IMPLICIT_RETAIN_SELF = YES;
				CLANG_WARN_OBJC_LITERAL_CONVERSION = YES;
				CLANG_WARN_OBJC_ROOT_CLASS = YES_ERROR;
				CLANG_WARN_QUOTED_INCLUDE_IN_FRAMEWORK_HEADER = YES;
				CLANG_WARN_RANGE_LOOP_ANALYSIS = YES;
				CLANG_WARN_STRICT_PROTOTYPES = YES;
				CLANG_WARN_SUSPICIOUS_MOVE = YES;
				CLANG_WARN_UNGUARDED_AVAILABILITY = YES_AGGRESSIVE;
				CLANG_WARN_UNREACHABLE_CODE = YES;
				CLANG_WARN__DUPLICATE_METHOD_MATCH = YES;
				COPY_PHASE_STRIP = NO;
				DEBUG_INFORMATION_FORMAT = "dwarf-with-dsym";
				ENABLE_NS_ASSERTIONS = NO;
				ENABLE_STRICT_OBJC_MSGSEND = YES;
				GCC_C_LANGUAGE_STANDARD = gnu11;
				GCC_NO_COMMON_BLOCKS = YES;
				GCC_WARN_64_TO_32_BIT_CONVERSION = YES;
				GCC_WARN_ABOUT_RETURN_TYPE = YES_ERROR;
				GCC_WARN_UNDECLARED_SELECTOR = YES;
				GCC_WARN_UNINITIALIZED_AUTOS = YES_AGGRESSIVE;
				GCC_WARN_UNUSED_FUNCTION = YES;
				GCC_WARN_UNUSED_VARIABLE = YES;
				IPHONEOS_DEPLOYMENT_TARGET = 15.4;
				MTL_ENABLE_DEBUG_INFO = NO;
				MTL_FAST_MATH = YES;
				SDKROOT = iphoneos;
				SWIFT_COMPILATION_MODE = wholemodule;
				SWIFT_OPTIMIZATION_LEVEL = "-O";
				VALIDATE_PRODUCT = YES;
			};
			name = Release;
		};
		52DE68182877907600DBCA3B /* Debug */ = {
			isa = XCBuildConfiguration;
			buildSettings = {
				ASSETCATALOG_COMPILER_APPICON_NAME = AppIcon;
				ASSETCATALOG_COMPILER_GLOBAL_ACCENT_COLOR_NAME = AccentColor;
				CODE_SIGN_STYLE = Automatic;
				CURRENT_PROJECT_VERSION = 1;
				FRAMEWORK_SEARCH_PATHS = (
					"$(inherited)",
					"$(PROJECT_DIR)/Carthage/Build/iOS",
				);
				GENERATE_INFOPLIST_FILE = YES;
				INFOPLIST_FILE = VkNewsFeed/Info.plist;
				INFOPLIST_KEY_UIApplicationSupportsIndirectInputEvents = YES;
				INFOPLIST_KEY_UILaunchStoryboardName = LaunchScreen;
				INFOPLIST_KEY_UISupportedInterfaceOrientations_iPad = "UIInterfaceOrientationPortrait UIInterfaceOrientationPortraitUpsideDown UIInterfaceOrientationLandscapeLeft UIInterfaceOrientationLandscapeRight";
				INFOPLIST_KEY_UISupportedInterfaceOrientations_iPhone = "UIInterfaceOrientationPortrait UIInterfaceOrientationLandscapeLeft UIInterfaceOrientationLandscapeRight";
				LD_RUNPATH_SEARCH_PATHS = (
					"$(inherited)",
					"@executable_path/Frameworks",
				);
				MARKETING_VERSION = 1.0;
				PRODUCT_BUNDLE_IDENTIFIER = DevBorisElkin.VkNewsFeed;
				PRODUCT_NAME = "$(TARGET_NAME)";
				SWIFT_EMIT_LOC_STRINGS = YES;
				SWIFT_VERSION = 5.0;
				TARGETED_DEVICE_FAMILY = "1,2";
			};
			name = Debug;
		};
		52DE68192877907600DBCA3B /* Release */ = {
			isa = XCBuildConfiguration;
			buildSettings = {
				ASSETCATALOG_COMPILER_APPICON_NAME = AppIcon;
				ASSETCATALOG_COMPILER_GLOBAL_ACCENT_COLOR_NAME = AccentColor;
				CODE_SIGN_STYLE = Automatic;
				CURRENT_PROJECT_VERSION = 1;
				FRAMEWORK_SEARCH_PATHS = (
					"$(inherited)",
					"$(PROJECT_DIR)/Carthage/Build/iOS",
				);
				GENERATE_INFOPLIST_FILE = YES;
				INFOPLIST_FILE = VkNewsFeed/Info.plist;
				INFOPLIST_KEY_UIApplicationSupportsIndirectInputEvents = YES;
				INFOPLIST_KEY_UILaunchStoryboardName = LaunchScreen;
				INFOPLIST_KEY_UISupportedInterfaceOrientations_iPad = "UIInterfaceOrientationPortrait UIInterfaceOrientationPortraitUpsideDown UIInterfaceOrientationLandscapeLeft UIInterfaceOrientationLandscapeRight";
				INFOPLIST_KEY_UISupportedInterfaceOrientations_iPhone = "UIInterfaceOrientationPortrait UIInterfaceOrientationLandscapeLeft UIInterfaceOrientationLandscapeRight";
				LD_RUNPATH_SEARCH_PATHS = (
					"$(inherited)",
					"@executable_path/Frameworks",
				);
				MARKETING_VERSION = 1.0;
				PRODUCT_BUNDLE_IDENTIFIER = DevBorisElkin.VkNewsFeed;
				PRODUCT_NAME = "$(TARGET_NAME)";
				SWIFT_EMIT_LOC_STRINGS = YES;
				SWIFT_VERSION = 5.0;
				TARGETED_DEVICE_FAMILY = "1,2";
			};
			name = Release;
		};
/* End XCBuildConfiguration section */

/* Begin XCConfigurationList section */
		52DE67FE2877907400DBCA3B /* Build configuration list for PBXProject "VkNewsFeed" */ = {
			isa = XCConfigurationList;
			buildConfigurations = (
				52DE68152877907600DBCA3B /* Debug */,
				52DE68162877907600DBCA3B /* Release */,
			);
			defaultConfigurationIsVisible = 0;
			defaultConfigurationName = Release;
		};
		52DE68172877907600DBCA3B /* Build configuration list for PBXNativeTarget "VkNewsFeed" */ = {
			isa = XCConfigurationList;
			buildConfigurations = (
				52DE68182877907600DBCA3B /* Debug */,
				52DE68192877907600DBCA3B /* Release */,
			);
			defaultConfigurationIsVisible = 0;
			defaultConfigurationName = Release;
		};
/* End XCConfigurationList section */
	};
	rootObject = 52DE67FB2877907400DBCA3B /* Project object */;
}
